// !$*UTF8*$!
{
	archiveVersion = 1;
	classes = {
	};
	objectVersion = 46;
	objects = {

/* Begin PBXBuildFile section */
		B173C1512207A52D00478063 /* AppDelegate.swift in Sources */ = {isa = PBXBuildFile; fileRef = B173C1502207A52D00478063 /* AppDelegate.swift */; };
		B173C1532207A52D00478063 /* ViewController.swift in Sources */ = {isa = PBXBuildFile; fileRef = B173C1522207A52D00478063 /* ViewController.swift */; };
		B173C1562207A52D00478063 /* Main.storyboard in Resources */ = {isa = PBXBuildFile; fileRef = B173C1542207A52D00478063 /* Main.storyboard */; };
		B173C1582207A52D00478063 /* Assets.xcassets in Resources */ = {isa = PBXBuildFile; fileRef = B173C1572207A52D00478063 /* Assets.xcassets */; };
		B173C15B2207A52D00478063 /* LaunchScreen.storyboard in Resources */ = {isa = PBXBuildFile; fileRef = B173C1592207A52D00478063 /* LaunchScreen.storyboard */; };
		B173C1662207A52D00478063 /* _048_GameTests.swift in Sources */ = {isa = PBXBuildFile; fileRef = B173C1652207A52D00478063 /* _048_GameTests.swift */; };
		B173C1712207A52D00478063 /* _048_GameUITests.swift in Sources */ = {isa = PBXBuildFile; fileRef = B173C1702207A52D00478063 /* _048_GameUITests.swift */; };
/* End PBXBuildFile section */

/* Begin PBXContainerItemProxy section */
		B173C1622207A52D00478063 /* PBXContainerItemProxy */ = {
			isa = PBXContainerItemProxy;
			containerPortal = B173C1452207A52D00478063 /* Project object */;
			proxyType = 1;
			remoteGlobalIDString = B173C14C2207A52D00478063;
			remoteInfo = 2048_Game;
		};
		B173C16D2207A52D00478063 /* PBXContainerItemProxy */ = {
			isa = PBXContainerItemProxy;
			containerPortal = B173C1452207A52D00478063 /* Project object */;
			proxyType = 1;
			remoteGlobalIDString = B173C14C2207A52D00478063;
			remoteInfo = 2048_Game;
		};
/* End PBXContainerItemProxy section */

/* Begin PBXFileReference section */
		B173C14D2207A52D00478063 /* 2048_Game.app */ = {isa = PBXFileReference; explicitFileType = wrapper.application; includeInIndex = 0; path = 2048_Game.app; sourceTree = BUILT_PRODUCTS_DIR; };
		B173C1502207A52D00478063 /* AppDelegate.swift */ = {isa = PBXFileReference; lastKnownFileType = sourcecode.swift; path = AppDelegate.swift; sourceTree = "<group>"; };
		B173C1522207A52D00478063 /* ViewController.swift */ = {isa = PBXFileReference; lastKnownFileType = sourcecode.swift; path = ViewController.swift; sourceTree = "<group>"; };
		B173C1552207A52D00478063 /* Base */ = {isa = PBXFileReference; lastKnownFileType = file.storyboard; name = Base; path = Base.lproj/Main.storyboard; sourceTree = "<group>"; };
		B173C1572207A52D00478063 /* Assets.xcassets */ = {isa = PBXFileReference; lastKnownFileType = folder.assetcatalog; path = Assets.xcassets; sourceTree = "<group>"; };
		B173C15A2207A52D00478063 /* Base */ = {isa = PBXFileReference; lastKnownFileType = file.storyboard; name = Base; path = Base.lproj/LaunchScreen.storyboard; sourceTree = "<group>"; };
		B173C15C2207A52D00478063 /* Info.plist */ = {isa = PBXFileReference; lastKnownFileType = text.plist.xml; path = Info.plist; sourceTree = "<group>"; };
		B173C1612207A52D00478063 /* 2048_GameTests.xctest */ = {isa = PBXFileReference; explicitFileType = wrapper.cfbundle; includeInIndex = 0; path = 2048_GameTests.xctest; sourceTree = BUILT_PRODUCTS_DIR; };
		B173C1652207A52D00478063 /* _048_GameTests.swift */ = {isa = PBXFileReference; lastKnownFileType = sourcecode.swift; path = _048_GameTests.swift; sourceTree = "<group>"; };
		B173C1672207A52D00478063 /* Info.plist */ = {isa = PBXFileReference; lastKnownFileType = text.plist.xml; path = Info.plist; sourceTree = "<group>"; };
		B173C16C2207A52D00478063 /* 2048_GameUITests.xctest */ = {isa = PBXFileReference; explicitFileType = wrapper.cfbundle; includeInIndex = 0; path = 2048_GameUITests.xctest; sourceTree = BUILT_PRODUCTS_DIR; };
		B173C1702207A52D00478063 /* _048_GameUITests.swift */ = {isa = PBXFileReference; lastKnownFileType = sourcecode.swift; path = _048_GameUITests.swift; sourceTree = "<group>"; };
		B173C1722207A52D00478063 /* Info.plist */ = {isa = PBXFileReference; lastKnownFileType = text.plist.xml; path = Info.plist; sourceTree = "<group>"; };
/* End PBXFileReference section */

/* Begin PBXFrameworksBuildPhase section */
		B173C14A2207A52D00478063 /* Frameworks */ = {
			isa = PBXFrameworksBuildPhase;
			buildActionMask = 2147483647;
			files = (
			);
			runOnlyForDeploymentPostprocessing = 0;
		};
		B173C15E2207A52D00478063 /* Frameworks */ = {
			isa = PBXFrameworksBuildPhase;
			buildActionMask = 2147483647;
			files = (
			);
			runOnlyForDeploymentPostprocessing = 0;
		};
		B173C1692207A52D00478063 /* Frameworks */ = {
			isa = PBXFrameworksBuildPhase;
			buildActionMask = 2147483647;
			files = (
			);
			runOnlyForDeploymentPostprocessing = 0;
		};
/* End PBXFrameworksBuildPhase section */

/* Begin PBXGroup section */
		B173C1442207A52D00478063 = {
			isa = PBXGroup;
			children = (
				B173C14F2207A52D00478063 /* 2048_Game */,
				B173C1642207A52D00478063 /* 2048_GameTests */,
				B173C16F2207A52D00478063 /* 2048_GameUITests */,
				B173C14E2207A52D00478063 /* Products */,
			);
			sourceTree = "<group>";
		};
		B173C14E2207A52D00478063 /* Products */ = {
			isa = PBXGroup;
			children = (
				B173C14D2207A52D00478063 /* 2048_Game.app */,
				B173C1612207A52D00478063 /* 2048_GameTests.xctest */,
				B173C16C2207A52D00478063 /* 2048_GameUITests.xctest */,
			);
			name = Products;
			sourceTree = "<group>";
		};
		B173C14F2207A52D00478063 /* 2048_Game */ = {
			isa = PBXGroup;
			children = (
				B173C1502207A52D00478063 /* AppDelegate.swift */,
				B173C1522207A52D00478063 /* ViewController.swift */,
				B173C1542207A52D00478063 /* Main.storyboard */,
				B173C1572207A52D00478063 /* Assets.xcassets */,
				B173C1592207A52D00478063 /* LaunchScreen.storyboard */,
				B173C15C2207A52D00478063 /* Info.plist */,
			);
			path = 2048_Game;
			sourceTree = "<group>";
		};
		B173C1642207A52D00478063 /* 2048_GameTests */ = {
			isa = PBXGroup;
			children = (
				B173C1652207A52D00478063 /* _048_GameTests.swift */,
				B173C1672207A52D00478063 /* Info.plist */,
			);
			path = 2048_GameTests;
			sourceTree = "<group>";
		};
		B173C16F2207A52D00478063 /* 2048_GameUITests */ = {
			isa = PBXGroup;
			children = (
				B173C1702207A52D00478063 /* _048_GameUITests.swift */,
				B173C1722207A52D00478063 /* Info.plist */,
			);
			path = 2048_GameUITests;
			sourceTree = "<group>";
		};
/* End PBXGroup section */

/* Begin PBXNativeTarget section */
		B173C14C2207A52D00478063 /* 2048_Game */ = {
			isa = PBXNativeTarget;
			buildConfigurationList = B173C1752207A52D00478063 /* Build configuration list for PBXNativeTarget "2048_Game" */;
			buildPhases = (
				B173C1492207A52D00478063 /* Sources */,
				B173C14A2207A52D00478063 /* Frameworks */,
				B173C14B2207A52D00478063 /* Resources */,
			);
			buildRules = (
			);
			dependencies = (
			);
			name = 2048_Game;
			productName = 2048_Game;
			productReference = B173C14D2207A52D00478063 /* 2048_Game.app */;
			productType = "com.apple.product-type.application";
		};
		B173C1602207A52D00478063 /* 2048_GameTests */ = {
			isa = PBXNativeTarget;
			buildConfigurationList = B173C1782207A52D00478063 /* Build configuration list for PBXNativeTarget "2048_GameTests" */;
			buildPhases = (
				B173C15D2207A52D00478063 /* Sources */,
				B173C15E2207A52D00478063 /* Frameworks */,
				B173C15F2207A52D00478063 /* Resources */,
			);
			buildRules = (
			);
			dependencies = (
				B173C1632207A52D00478063 /* PBXTargetDependency */,
			);
			name = 2048_GameTests;
			productName = 2048_GameTests;
			productReference = B173C1612207A52D00478063 /* 2048_GameTests.xctest */;
			productType = "com.apple.product-type.bundle.unit-test";
		};
		B173C16B2207A52D00478063 /* 2048_GameUITests */ = {
			isa = PBXNativeTarget;
			buildConfigurationList = B173C17B2207A52D00478063 /* Build configuration list for PBXNativeTarget "2048_GameUITests" */;
			buildPhases = (
				B173C1682207A52D00478063 /* Sources */,
				B173C1692207A52D00478063 /* Frameworks */,
				B173C16A2207A52D00478063 /* Resources */,
			);
			buildRules = (
			);
			dependencies = (
				B173C16E2207A52D00478063 /* PBXTargetDependency */,
			);
			name = 2048_GameUITests;
			productName = 2048_GameUITests;
			productReference = B173C16C2207A52D00478063 /* 2048_GameUITests.xctest */;
			productType = "com.apple.product-type.bundle.ui-testing";
		};
/* End PBXNativeTarget section */

/* Begin PBXProject section */
		B173C1452207A52D00478063 /* Project object */ = {
			isa = PBXProject;
			attributes = {
				LastSwiftUpdateCheck = 0820;
				LastUpgradeCheck = 0820;
				ORGANIZATIONNAME = "Jasper Suhr";
				TargetAttributes = {
					B173C14C2207A52D00478063 = {
						CreatedOnToolsVersion = 8.2.1;
						ProvisioningStyle = Automatic;
					};
					B173C1602207A52D00478063 = {
						CreatedOnToolsVersion = 8.2.1;
						ProvisioningStyle = Automatic;
						TestTargetID = B173C14C2207A52D00478063;
					};
					B173C16B2207A52D00478063 = {
						CreatedOnToolsVersion = 8.2.1;
						ProvisioningStyle = Automatic;
						TestTargetID = B173C14C2207A52D00478063;
					};
				};
			};
			buildConfigurationList = B173C1482207A52D00478063 /* Build configuration list for PBXProject "2048_Game" */;
			compatibilityVersion = "Xcode 3.2";
			developmentRegion = English;
			hasScannedForEncodings = 0;
			knownRegions = (
				en,
				Base,
			);
			mainGroup = B173C1442207A52D00478063;
			productRefGroup = B173C14E2207A52D00478063 /* Products */;
			projectDirPath = "";
			projectRoot = "";
			targets = (
				B173C14C2207A52D00478063 /* 2048_Game */,
				B173C1602207A52D00478063 /* 2048_GameTests */,
				B173C16B2207A52D00478063 /* 2048_GameUITests */,
			);
		};
/* End PBXProject section */

/* Begin PBXResourcesBuildPhase section */
		B173C14B2207A52D00478063 /* Resources */ = {
			isa = PBXResourcesBuildPhase;
			buildActionMask = 2147483647;
			files = (
				B173C15B2207A52D00478063 /* LaunchScreen.storyboard in Resources */,
				B173C1582207A52D00478063 /* Assets.xcassets in Resources */,
				B173C1562207A52D00478063 /* Main.storyboard in Resources */,
			);
			runOnlyForDeploymentPostprocessing = 0;
		};
		B173C15F2207A52D00478063 /* Resources */ = {
			isa = PBXResourcesBuildPhase;
			buildActionMask = 2147483647;
			files = (
			);
			runOnlyForDeploymentPostprocessing = 0;
		};
		B173C16A2207A52D00478063 /* Resources */ = {
			isa = PBXResourcesBuildPhase;
			buildActionMask = 2147483647;
			files = (
			);
			runOnlyForDeploymentPostprocessing = 0;
		};
/* End PBXResourcesBuildPhase section */

/* Begin PBXSourcesBuildPhase section */
		B173C1492207A52D00478063 /* Sources */ = {
			isa = PBXSourcesBuildPhase;
			buildActionMask = 2147483647;
			files = (
				B173C1532207A52D00478063 /* ViewController.swift in Sources */,
				B173C1512207A52D00478063 /* AppDelegate.swift in Sources */,
			);
			runOnlyForDeploymentPostprocessing = 0;
		};
		B173C15D2207A52D00478063 /* Sources */ = {
			isa = PBXSourcesBuildPhase;
			buildActionMask = 2147483647;
			files = (
				B173C1662207A52D00478063 /* _048_GameTests.swift in Sources */,
			);
			runOnlyForDeploymentPostprocessing = 0;
		};
		B173C1682207A52D00478063 /* Sources */ = {
			isa = PBXSourcesBuildPhase;
			buildActionMask = 2147483647;
			files = (
				B173C1712207A52D00478063 /* _048_GameUITests.swift in Sources */,
			);
			runOnlyForDeploymentPostprocessing = 0;
		};
/* End PBXSourcesBuildPhase section */

/* Begin PBXTargetDependency section */
		B173C1632207A52D00478063 /* PBXTargetDependency */ = {
			isa = PBXTargetDependency;
			target = B173C14C2207A52D00478063 /* 2048_Game */;
			targetProxy = B173C1622207A52D00478063 /* PBXContainerItemProxy */;
		};
		B173C16E2207A52D00478063 /* PBXTargetDependency */ = {
			isa = PBXTargetDependency;
			target = B173C14C2207A52D00478063 /* 2048_Game */;
			targetProxy = B173C16D2207A52D00478063 /* PBXContainerItemProxy */;
		};
/* End PBXTargetDependency section */

/* Begin PBXVariantGroup section */
		B173C1542207A52D00478063 /* Main.storyboard */ = {
			isa = PBXVariantGroup;
			children = (
				B173C1552207A52D00478063 /* Base */,
			);
			name = Main.storyboard;
			sourceTree = "<group>";
		};
		B173C1592207A52D00478063 /* LaunchScreen.storyboard */ = {
			isa = PBXVariantGroup;
			children = (
				B173C15A2207A52D00478063 /* Base */,
			);
			name = LaunchScreen.storyboard;
			sourceTree = "<group>";
		};
/* End PBXVariantGroup section */

/* Begin XCBuildConfiguration section */
		B173C1732207A52D00478063 /* Debug */ = {
			isa = XCBuildConfiguration;
			buildSettings = {
				ALWAYS_SEARCH_USER_PATHS = NO;
				CLANG_ANALYZER_NONNULL = YES;
				CLANG_CXX_LANGUAGE_STANDARD = "gnu++0x";
				CLANG_CXX_LIBRARY = "libc++";
				CLANG_ENABLE_MODULES = YES;
				CLANG_ENABLE_OBJC_ARC = YES;
				CLANG_WARN_BOOL_CONVERSION = YES;
				CLANG_WARN_CONSTANT_CONVERSION = YES;
				CLANG_WARN_DIRECT_OBJC_ISA_USAGE = YES_ERROR;
				CLANG_WARN_DOCUMENTATION_COMMENTS = YES;
				CLANG_WARN_EMPTY_BODY = YES;
				CLANG_WARN_ENUM_CONVERSION = YES;
				CLANG_WARN_INFINITE_RECURSION = YES;
				CLANG_WARN_INT_CONVERSION = YES;
				CLANG_WARN_OBJC_ROOT_CLASS = YES_ERROR;
				CLANG_WARN_SUSPICIOUS_MOVE = YES;
				CLANG_WARN_UNREACHABLE_CODE = YES;
				CLANG_WARN__DUPLICATE_METHOD_MATCH = YES;
				"CODE_SIGN_IDENTITY[sdk=iphoneos*]" = "iPhone Developer";
				COPY_PHASE_STRIP = NO;
				DEBUG_INFORMATION_FORMAT = dwarf;
				ENABLE_STRICT_OBJC_MSGSEND = YES;
				ENABLE_TESTABILITY = YES;
				GCC_C_LANGUAGE_STANDARD = gnu99;
				GCC_DYNAMIC_NO_PIC = NO;
				GCC_NO_COMMON_BLOCKS = YES;
				GCC_OPTIMIZATION_LEVEL = 0;
				GCC_PREPROCESSOR_DEFINITIONS = (
					"DEBUG=1",
					"$(inherited)",
				);
				GCC_WARN_64_TO_32_BIT_CONVERSION = YES;
				GCC_WARN_ABOUT_RETURN_TYPE = YES_ERROR;
				GCC_WARN_UNDECLARED_SELECTOR = YES;
				GCC_WARN_UNINITIALIZED_AUTOS = YES_AGGRESSIVE;
				GCC_WARN_UNUSED_FUNCTION = YES;
				GCC_WARN_UNUSED_VARIABLE = YES;
				IPHONEOS_DEPLOYMENT_TARGET = 10.2;
				MTL_ENABLE_DEBUG_INFO = YES;
				ONLY_ACTIVE_ARCH = YES;
				SDKROOT = iphoneos;
				SWIFT_ACTIVE_COMPILATION_CONDITIONS = DEBUG;
				SWIFT_OPTIMIZATION_LEVEL = "-Onone";
				TARGETED_DEVICE_FAMILY = "1,2";
			};
			name = Debug;
		};
		B173C1742207A52D00478063 /* Release */ = {
			isa = XCBuildConfiguration;
			buildSettings = {
				ALWAYS_SEARCH_USER_PATHS = NO;
				CLANG_ANALYZER_NONNULL = YES;
				CLANG_CXX_LANGUAGE_STANDARD = "gnu++0x";
				CLANG_CXX_LIBRARY = "libc++";
				CLANG_ENABLE_MODULES = YES;
				CLANG_ENABLE_OBJC_ARC = YES;
				CLANG_WARN_BOOL_CONVERSION = YES;
				CLANG_WARN_CONSTANT_CONVERSION = YES;
				CLANG_WARN_DIRECT_OBJC_ISA_USAGE = YES_ERROR;
				CLANG_WARN_DOCUMENTATION_COMMENTS = YES;
				CLANG_WARN_EMPTY_BODY = YES;
				CLANG_WARN_ENUM_CONVERSION = YES;
				CLANG_WARN_INFINITE_RECURSION = YES;
				CLANG_WARN_INT_CONVERSION = YES;
				CLANG_WARN_OBJC_ROOT_CLASS = YES_ERROR;
				CLANG_WARN_SUSPICIOUS_MOVE = YES;
				CLANG_WARN_UNREACHABLE_CODE = YES;
				CLANG_WARN__DUPLICATE_METHOD_MATCH = YES;
				"CODE_SIGN_IDENTITY[sdk=iphoneos*]" = "iPhone Developer";
				COPY_PHASE_STRIP = NO;
				DEBUG_INFORMATION_FORMAT = "dwarf-with-dsym";
				ENABLE_NS_ASSERTIONS = NO;
				ENABLE_STRICT_OBJC_MSGSEND = YES;
				GCC_C_LANGUAGE_STANDARD = gnu99;
				GCC_NO_COMMON_BLOCKS = YES;
				GCC_WARN_64_TO_32_BIT_CONVERSION = YES;
				GCC_WARN_ABOUT_RETURN_TYPE = YES_ERROR;
				GCC_WARN_UNDECLARED_SELECTOR = YES;
				GCC_WARN_UNINITIALIZED_AUTOS = YES_AGGRESSIVE;
				GCC_WARN_UNUSED_FUNCTION = YES;
				GCC_WARN_UNUSED_VARIABLE = YES;
				IPHONEOS_DEPLOYMENT_TARGET = 10.2;
				MTL_ENABLE_DEBUG_INFO = NO;
				SDKROOT = iphoneos;
				SWIFT_OPTIMIZATION_LEVEL = "-Owholemodule";
				TARGETED_DEVICE_FAMILY = "1,2";
				VALIDATE_PRODUCT = YES;
			};
			name = Release;
		};
		B173C1762207A52D00478063 /* Debug */ = {
			isa = XCBuildConfiguration;
			buildSettings = {
				ASSETCATALOG_COMPILER_APPICON_NAME = AppIcon;
				INFOPLIST_FILE = 2048_Game/Info.plist;
				LD_RUNPATH_SEARCH_PATHS = "$(inherited) @executable_path/Frameworks";
				PRODUCT_BUNDLE_IDENTIFIER = "jsuhr2.-048-Game";
				PRODUCT_NAME = "$(TARGET_NAME)";
				SWIFT_VERSION = 3.0;
			};
			name = Debug;
		};
		B173C1772207A52D00478063 /* Release */ = {
			isa = XCBuildConfiguration;
			buildSettings = {
				ASSETCATALOG_COMPILER_APPICON_NAME = AppIcon;
				INFOPLIST_FILE = 2048_Game/Info.plist;
				LD_RUNPATH_SEARCH_PATHS = "$(inherited) @executable_path/Frameworks";
				PRODUCT_BUNDLE_IDENTIFIER = "jsuhr2.-048-Game";
				PRODUCT_NAME = "$(TARGET_NAME)";
				SWIFT_VERSION = 3.0;
			};
			name = Release;
		};
		B173C1792207A52D00478063 /* Debug */ = {
			isa = XCBuildConfiguration;
			buildSettings = {
				ALWAYS_EMBED_SWIFT_STANDARD_LIBRARIES = YES;
				BUNDLE_LOADER = "$(TEST_HOST)";
				INFOPLIST_FILE = 2048_GameTests/Info.plist;
				LD_RUNPATH_SEARCH_PATHS = "$(inherited) @executable_path/Frameworks @loader_path/Frameworks";
				PRODUCT_BUNDLE_IDENTIFIER = "jsuhr2.-048-GameTests";
				PRODUCT_NAME = "$(TARGET_NAME)";
				SWIFT_VERSION = 3.0;
				TEST_HOST = "$(BUILT_PRODUCTS_DIR)/2048_Game.app/2048_Game";
			};
			name = Debug;
		};
		B173C17A2207A52D00478063 /* Release */ = {
			isa = XCBuildConfiguration;
			buildSettings = {
				ALWAYS_EMBED_SWIFT_STANDARD_LIBRARIES = YES;
				BUNDLE_LOADER = "$(TEST_HOST)";
				INFOPLIST_FILE = 2048_GameTests/Info.plist;
				LD_RUNPATH_SEARCH_PATHS = "$(inherited) @executable_path/Frameworks @loader_path/Frameworks";
				PRODUCT_BUNDLE_IDENTIFIER = "jsuhr2.-048-GameTests";
				PRODUCT_NAME = "$(TARGET_NAME)";
				SWIFT_VERSION = 3.0;
				TEST_HOST = "$(BUILT_PRODUCTS_DIR)/2048_Game.app/2048_Game";
			};
			name = Release;
		};
		B173C17C2207A52D00478063 /* Debug */ = {
			isa = XCBuildConfiguration;
			buildSettings = {
				ALWAYS_EMBED_SWIFT_STANDARD_LIBRARIES = YES;
				INFOPLIST_FILE = 2048_GameUITests/Info.plist;
				LD_RUNPATH_SEARCH_PATHS = "$(inherited) @executable_path/Frameworks @loader_path/Frameworks";
				PRODUCT_BUNDLE_IDENTIFIER = "jsuhr2.-048-GameUITests";
				PRODUCT_NAME = "$(TARGET_NAME)";
				SWIFT_VERSION = 3.0;
				TEST_TARGET_NAME = 2048_Game;
			};
			name = Debug;
		};
		B173C17D2207A52D00478063 /* Release */ = {
			isa = XCBuildConfiguration;
			buildSettings = {
				ALWAYS_EMBED_SWIFT_STANDARD_LIBRARIES = YES;
				INFOPLIST_FILE = 2048_GameUITests/Info.plist;
				LD_RUNPATH_SEARCH_PATHS = "$(inherited) @executable_path/Frameworks @loader_path/Frameworks";
				PRODUCT_BUNDLE_IDENTIFIER = "jsuhr2.-048-GameUITests";
				PRODUCT_NAME = "$(TARGET_NAME)";
				SWIFT_VERSION = 3.0;
				TEST_TARGET_NAME = 2048_Game;
			};
			name = Release;
		};
/* End XCBuildConfiguration section */

/* Begin XCConfigurationList section */
		B173C1482207A52D00478063 /* Build configuration list for PBXProject "2048_Game" */ = {
			isa = XCConfigurationList;
			buildConfigurations = (
				B173C1732207A52D00478063 /* Debug */,
				B173C1742207A52D00478063 /* Release */,
			);
			defaultConfigurationIsVisible = 0;
			defaultConfigurationName = Release;
		};
		B173C1752207A52D00478063 /* Build configuration list for PBXNativeTarget "2048_Game" */ = {
			isa = XCConfigurationList;
			buildConfigurations = (
				B173C1762207A52D00478063 /* Debug */,
				B173C1772207A52D00478063 /* Release */,
			);
			defaultConfigurationIsVisible = 0;
		};
		B173C1782207A52D00478063 /* Build configuration list for PBXNativeTarget "2048_GameTests" */ = {
			isa = XCConfigurationList;
			buildConfigurations = (
				B173C1792207A52D00478063 /* Debug */,
				B173C17A2207A52D00478063 /* Release */,
			);
			defaultConfigurationIsVisible = 0;
		};
		B173C17B2207A52D00478063 /* Build configuration list for PBXNativeTarget "2048_GameUITests" */ = {
			isa = XCConfigurationList;
			buildConfigurations = (
				B173C17C2207A52D00478063 /* Debug */,
				B173C17D2207A52D00478063 /* Release */,
			);
			defaultConfigurationIsVisible = 0;
		};
/* End XCConfigurationList section */
	};
	rootObject = B173C1452207A52D00478063 /* Project object */;
}
